
Microsoft Visual Studio Solution File, Format Version 12.00
# Visual Studio Version 16
VisualStudioVersion = 16.0.31019.35
MinimumVisualStudioVersion = 10.0.40219.1
Project("{FAE04EC0-301F-11D3-BF4B-00C04F79EFBC}") = "Colour_Analyzer", "Colour_Analyzer\Colour_Analyzer.csproj", "{B64B8112-0903-48B5-AB65-779C7C2CB5B3}"
EndProject
Global
	GlobalSection(SolutionConfigurationPlatforms) = preSolution
		Debug|Any CPU = Debug|Any CPU
		Release|Any CPU = Release|Any CPU
	EndGlobalSection
	GlobalSection(ProjectConfigurationPlatforms) = postSolution
		{B64B8112-0903-48B5-AB65-779C7C2CB5B3}.Debug|Any CPU.ActiveCfg = Debug|Any CPU
		{B64B8112-0903-48B5-AB65-779C7C2CB5B3}.Debug|Any CPU.Build.0 = Debug|Any CPU
		{B64B8112-0903-48B5-AB65-779C7C2CB5B3}.Release|Any CPU.ActiveCfg = Release|Any CPU
		{B64B8112-0903-48B5-AB65-779C7C2CB5B3}.Release|Any CPU.Build.0 = Release|Any CPU
	EndGlobalSection
	GlobalSection(SolutionProperties) = preSolution
		HideSolutionNode = FALSE
	EndGlobalSection
	GlobalSection(ExtensibilityGlobals) = postSolution
		SolutionGuid = {F8FC3BDF-5C0A-491C-8DCE-2E8E0B87EFF3}
	EndGlobalSection
	GlobalSection(SubversionScc) = preSolution
		Svn-Managed = True
		Manager = AnkhSVN2019 - Subversion Support for Visual Studio
	EndGlobalSection
EndGlobal
